
Microsoft Visual Studio Solution File, Format Version 12.00
# Visual Studio 2012
Project("{FAE04EC0-301F-11D3-BF4B-00C04F79EFBC}") = "WaitsAndPageFactory", "GoogleTest\WaitsAndPageFactory.csproj", "{3004CCC5-E095-462F-A7DB-001ADE5E1036}"
EndProject
Global
	GlobalSection(SolutionConfigurationPlatforms) = preSolution
		Debug|Any CPU = Debug|Any CPU
		Release|Any CPU = Release|Any CPU
	EndGlobalSection
	GlobalSection(ProjectConfigurationPlatforms) = postSolution
		{3004CCC5-E095-462F-A7DB-001ADE5E1036}.Debug|Any CPU.ActiveCfg = Debug|Any CPU
		{3004CCC5-E095-462F-A7DB-001ADE5E1036}.Debug|Any CPU.Build.0 = Debug|Any CPU
		{3004CCC5-E095-462F-A7DB-001ADE5E1036}.Release|Any CPU.ActiveCfg = Release|Any CPU
		{3004CCC5-E095-462F-A7DB-001ADE5E1036}.Release|Any CPU.Build.0 = Release|Any CPU
	EndGlobalSection
EndGlobal
